// !$*UTF8*$!
{
	archiveVersion = 1;
	classes = {
	};
	objectVersion = 50;
	objects = {

/* Begin PBXBuildFile section */
		7E0EAF572233ED6E00FAFD75 /* BaselineOne.cpp in Sources */ = {isa = PBXBuildFile; fileRef = 7E0EAF552233ED6E00FAFD75 /* BaselineOne.cpp */; };
		7E0EB2DA2235B48F0035021E /* LinkedList.cpp in Sources */ = {isa = PBXBuildFile; fileRef = 7E0EB2D82235B48F0035021E /* LinkedList.cpp */; };
		7E1753A3228435C200567153 /* Testing.cpp in Sources */ = {isa = PBXBuildFile; fileRef = 7E1753A1228435C200567153 /* Testing.cpp */; };
		7E23B8A122244A63009E2349 /* main.cpp in Sources */ = {isa = PBXBuildFile; fileRef = 7E23B8A022244A63009E2349 /* main.cpp */; };
		7EBB0248223EFB3A00237618 /* RedBlackTree.cpp in Sources */ = {isa = PBXBuildFile; fileRef = 7EBB0246223EFB3A00237618 /* RedBlackTree.cpp */; };
/* End PBXBuildFile section */

/* Begin PBXCopyFilesBuildPhase section */
		7E23B89B22244A63009E2349 /* CopyFiles */ = {
			isa = PBXCopyFilesBuildPhase;
			buildActionMask = 2147483647;
			dstPath = /usr/share/man/man1/;
			dstSubfolderSpec = 0;
			files = (
			);
			runOnlyForDeploymentPostprocessing = 1;
		};
/* End PBXCopyFilesBuildPhase section */

/* Begin PBXFileReference section */
		7E0EAF552233ED6E00FAFD75 /* BaselineOne.cpp */ = {isa = PBXFileReference; lastKnownFileType = sourcecode.cpp.cpp; path = BaselineOne.cpp; sourceTree = "<group>"; };
		7E0EAF562233ED6E00FAFD75 /* BaselineOne.hpp */ = {isa = PBXFileReference; lastKnownFileType = sourcecode.cpp.h; path = BaselineOne.hpp; sourceTree = "<group>"; };
		7E0EB2D82235B48F0035021E /* LinkedList.cpp */ = {isa = PBXFileReference; lastKnownFileType = sourcecode.cpp.cpp; path = LinkedList.cpp; sourceTree = "<group>"; };
		7E0EB2D92235B48F0035021E /* LinkedList.hpp */ = {isa = PBXFileReference; lastKnownFileType = sourcecode.cpp.h; path = LinkedList.hpp; sourceTree = "<group>"; };
		7E1753A1228435C200567153 /* Testing.cpp */ = {isa = PBXFileReference; lastKnownFileType = sourcecode.cpp.cpp; path = Testing.cpp; sourceTree = "<group>"; };
		7E1753A2228435C200567153 /* Testing.hpp */ = {isa = PBXFileReference; lastKnownFileType = sourcecode.cpp.h; path = Testing.hpp; sourceTree = "<group>"; };
		7E23B89D22244A63009E2349 /* BachelorThesis */ = {isa = PBXFileReference; explicitFileType = "compiled.mach-o.executable"; includeInIndex = 0; path = BachelorThesis; sourceTree = BUILT_PRODUCTS_DIR; };
		7E23B8A022244A63009E2349 /* main.cpp */ = {isa = PBXFileReference; lastKnownFileType = sourcecode.cpp.cpp; path = main.cpp; sourceTree = "<group>"; };
		7EBB0246223EFB3A00237618 /* RedBlackTree.cpp */ = {isa = PBXFileReference; lastKnownFileType = sourcecode.cpp.cpp; path = RedBlackTree.cpp; sourceTree = "<group>"; };
		7EBB0247223EFB3A00237618 /* RedBlackTree.hpp */ = {isa = PBXFileReference; lastKnownFileType = sourcecode.cpp.h; path = RedBlackTree.hpp; sourceTree = "<group>"; };
/* End PBXFileReference section */

/* Begin PBXFrameworksBuildPhase section */
		7E23B89A22244A63009E2349 /* Frameworks */ = {
			isa = PBXFrameworksBuildPhase;
			buildActionMask = 2147483647;
			files = (
			);
			runOnlyForDeploymentPostprocessing = 0;
		};
/* End PBXFrameworksBuildPhase section */

/* Begin PBXGroup section */
		7E23B89422244A63009E2349 = {
			isa = PBXGroup;
			children = (
				7E23B89F22244A63009E2349 /* BachelorThesis */,
				7E23B89E22244A63009E2349 /* Products */,
			);
			sourceTree = "<group>";
		};
		7E23B89E22244A63009E2349 /* Products */ = {
			isa = PBXGroup;
			children = (
				7E23B89D22244A63009E2349 /* BachelorThesis */,
			);
			name = Products;
			sourceTree = "<group>";
		};
		7E23B89F22244A63009E2349 /* BachelorThesis */ = {
			isa = PBXGroup;
			children = (
				7E23B8A022244A63009E2349 /* main.cpp */,
				7E0EAF552233ED6E00FAFD75 /* BaselineOne.cpp */,
				7E0EAF562233ED6E00FAFD75 /* BaselineOne.hpp */,
				7E0EB2D82235B48F0035021E /* LinkedList.cpp */,
				7E0EB2D92235B48F0035021E /* LinkedList.hpp */,
				7EBB0246223EFB3A00237618 /* RedBlackTree.cpp */,
				7EBB0247223EFB3A00237618 /* RedBlackTree.hpp */,
				7E1753A1228435C200567153 /* Testing.cpp */,
				7E1753A2228435C200567153 /* Testing.hpp */,
			);
			path = BachelorThesis;
			sourceTree = "<group>";
		};
/* End PBXGroup section */

/* Begin PBXNativeTarget section */
		7E23B89C22244A63009E2349 /* BachelorThesis */ = {
			isa = PBXNativeTarget;
			buildConfigurationList = 7E23B8A422244A63009E2349 /* Build configuration list for PBXNativeTarget "BachelorThesis" */;
			buildPhases = (
				7E23B89922244A63009E2349 /* Sources */,
				7E23B89A22244A63009E2349 /* Frameworks */,
				7E23B89B22244A63009E2349 /* CopyFiles */,
			);
			buildRules = (
			);
			dependencies = (
			);
			name = BachelorThesis;
			productName = BachelorThesis;
			productReference = 7E23B89D22244A63009E2349 /* BachelorThesis */;
			productType = "com.apple.product-type.tool";
		};
/* End PBXNativeTarget section */

/* Begin PBXProject section */
		7E23B89522244A63009E2349 /* Project object */ = {
			isa = PBXProject;
			attributes = {
				LastUpgradeCheck = 1010;
				ORGANIZATIONNAME = "Christoffer Krogh";
				TargetAttributes = {
					7E23B89C22244A63009E2349 = {
						CreatedOnToolsVersion = 10.1;
					};
				};
			};
			buildConfigurationList = 7E23B89822244A63009E2349 /* Build configuration list for PBXProject "BachelorThesis" */;
			compatibilityVersion = "Xcode 9.3";
			developmentRegion = en;
			hasScannedForEncodings = 0;
			knownRegions = (
				en,
				Base,
			);
			mainGroup = 7E23B89422244A63009E2349;
			productRefGroup = 7E23B89E22244A63009E2349 /* Products */;
			projectDirPath = "";
			projectRoot = "";
			targets = (
				7E23B89C22244A63009E2349 /* BachelorThesis */,
			);
		};
/* End PBXProject section */

/* Begin PBXSourcesBuildPhase section */
		7E23B89922244A63009E2349 /* Sources */ = {
			isa = PBXSourcesBuildPhase;
			buildActionMask = 2147483647;
			files = (
				7E23B8A122244A63009E2349 /* main.cpp in Sources */,
				7EBB0248223EFB3A00237618 /* RedBlackTree.cpp in Sources */,
				7E0EB2DA2235B48F0035021E /* LinkedList.cpp in Sources */,
				7E1753A3228435C200567153 /* Testing.cpp in Sources */,
				7E0EAF572233ED6E00FAFD75 /* BaselineOne.cpp in Sources */,
			);
			runOnlyForDeploymentPostprocessing = 0;
		};
/* End PBXSourcesBuildPhase section */

/* Begin XCBuildConfiguration section */
		7E23B8A222244A63009E2349 /* Debug */ = {
			isa = XCBuildConfiguration;
			buildSettings = {
				ALWAYS_SEARCH_USER_PATHS = NO;
				CLANG_ANALYZER_NONNULL = YES;
				CLANG_ANALYZER_NUMBER_OBJECT_CONVERSION = YES_AGGRESSIVE;
				CLANG_CXX_LANGUAGE_STANDARD = "gnu++14";
				CLANG_CXX_LIBRARY = "libc++";
				CLANG_ENABLE_MODULES = YES;
				CLANG_ENABLE_OBJC_ARC = YES;
				CLANG_ENABLE_OBJC_WEAK = YES;
				CLANG_WARN_BLOCK_CAPTURE_AUTORELEASING = YES;
				CLANG_WARN_BOOL_CONVERSION = YES;
				CLANG_WARN_COMMA = YES;
				CLANG_WARN_CONSTANT_CONVERSION = YES;
				CLANG_WARN_DEPRECATED_OBJC_IMPLEMENTATIONS = YES;
				CLANG_WARN_DIRECT_OBJC_ISA_USAGE = YES_ERROR;
				CLANG_WARN_DOCUMENTATION_COMMENTS = YES;
				CLANG_WARN_EMPTY_BODY = YES;
				CLANG_WARN_ENUM_CONVERSION = YES;
				CLANG_WARN_INFINITE_RECURSION = YES;
				CLANG_WARN_INT_CONVERSION = YES;
				CLANG_WARN_NON_LITERAL_NULL_CONVERSION = YES;
				CLANG_WARN_OBJC_IMPLICIT_RETAIN_SELF = YES;
				CLANG_WARN_OBJC_LITERAL_CONVERSION = YES;
				CLANG_WARN_OBJC_ROOT_CLASS = YES_ERROR;
				CLANG_WARN_RANGE_LOOP_ANALYSIS = YES;
				CLANG_WARN_STRICT_PROTOTYPES = YES;
				CLANG_WARN_SUSPICIOUS_MOVE = YES;
				CLANG_WARN_UNGUARDED_AVAILABILITY = YES_AGGRESSIVE;
				CLANG_WARN_UNREACHABLE_CODE = YES;
				CLANG_WARN__DUPLICATE_METHOD_MATCH = YES;
				CODE_SIGN_IDENTITY = "-";
				COPY_PHASE_STRIP = NO;
				DEBUG_INFORMATION_FORMAT = dwarf;
				ENABLE_STRICT_OBJC_MSGSEND = YES;
				ENABLE_TESTABILITY = YES;
				GCC_C_LANGUAGE_STANDARD = gnu11;
				GCC_DYNAMIC_NO_PIC = NO;
				GCC_NO_COMMON_BLOCKS = YES;
				GCC_OPTIMIZATION_LEVEL = 0;
				GCC_PREPROCESSOR_DEFINITIONS = (
					"DEBUG=1",
					"$(inherited)",
				);
				GCC_WARN_64_TO_32_BIT_CONVERSION = YES;
				GCC_WARN_ABOUT_RETURN_TYPE = YES_ERROR;
				GCC_WARN_UNDECLARED_SELECTOR = YES;
				GCC_WARN_UNINITIALIZED_AUTOS = YES_AGGRESSIVE;
				GCC_WARN_UNUSED_FUNCTION = YES;
				GCC_WARN_UNUSED_VARIABLE = YES;
				MACOSX_DEPLOYMENT_TARGET = 10.14;
				MTL_ENABLE_DEBUG_INFO = INCLUDE_SOURCE;
				MTL_FAST_MATH = YES;
				ONLY_ACTIVE_ARCH = YES;
				SDKROOT = macosx;
			};
			name = Debug;
		};
		7E23B8A322244A63009E2349 /* Release */ = {
			isa = XCBuildConfiguration;
			buildSettings = {
				ALWAYS_SEARCH_USER_PATHS = NO;
				CLANG_ANALYZER_NONNULL = YES;
				CLANG_ANALYZER_NUMBER_OBJECT_CONVERSION = YES_AGGRESSIVE;
				CLANG_CXX_LANGUAGE_STANDARD = "gnu++14";
				CLANG_CXX_LIBRARY = "libc++";
				CLANG_ENABLE_MODULES = YES;
				CLANG_ENABLE_OBJC_ARC = YES;
				CLANG_ENABLE_OBJC_WEAK = YES;
				CLANG_WARN_BLOCK_CAPTURE_AUTORELEASING = YES;
				CLANG_WARN_BOOL_CONVERSION = YES;
				CLANG_WARN_COMMA = YES;
				CLANG_WARN_CONSTANT_CONVERSION = YES;
				CLANG_WARN_DEPRECATED_OBJC_IMPLEMENTATIONS = YES;
				CLANG_WARN_DIRECT_OBJC_ISA_USAGE = YES_ERROR;
				CLANG_WARN_DOCUMENTATION_COMMENTS = YES;
				CLANG_WARN_EMPTY_BODY = YES;
				CLANG_WARN_ENUM_CONVERSION = YES;
				CLANG_WARN_INFINITE_RECURSION = YES;
				CLANG_WARN_INT_CONVERSION = YES;
				CLANG_WARN_NON_LITERAL_NULL_CONVERSION = YES;
				CLANG_WARN_OBJC_IMPLICIT_RETAIN_SELF = YES;
				CLANG_WARN_OBJC_LITERAL_CONVERSION = YES;
				CLANG_WARN_OBJC_ROOT_CLASS = YES_ERROR;
				CLANG_WARN_RANGE_LOOP_ANALYSIS = YES;
				CLANG_WARN_STRICT_PROTOTYPES = YES;
				CLANG_WARN_SUSPICIOUS_MOVE = YES;
				CLANG_WARN_UNGUARDED_AVAILABILITY = YES_AGGRESSIVE;
				CLANG_WARN_UNREACHABLE_CODE = YES;
				CLANG_WARN__DUPLICATE_METHOD_MATCH = YES;
				CODE_SIGN_IDENTITY = "-";
				COPY_PHASE_STRIP = NO;
				DEBUG_INFORMATION_FORMAT = "dwarf-with-dsym";
				ENABLE_NS_ASSERTIONS = NO;
				ENABLE_STRICT_OBJC_MSGSEND = YES;
				GCC_C_LANGUAGE_STANDARD = gnu11;
				GCC_NO_COMMON_BLOCKS = YES;
				GCC_WARN_64_TO_32_BIT_CONVERSION = YES;
				GCC_WARN_ABOUT_RETURN_TYPE = YES_ERROR;
				GCC_WARN_UNDECLARED_SELECTOR = YES;
				GCC_WARN_UNINITIALIZED_AUTOS = YES_AGGRESSIVE;
				GCC_WARN_UNUSED_FUNCTION = YES;
				GCC_WARN_UNUSED_VARIABLE = YES;
				MACOSX_DEPLOYMENT_TARGET = 10.14;
				MTL_ENABLE_DEBUG_INFO = NO;
				MTL_FAST_MATH = YES;
				SDKROOT = macosx;
			};
			name = Release;
		};
		7E23B8A522244A63009E2349 /* Debug */ = {
			isa = XCBuildConfiguration;
			buildSettings = {
				CODE_SIGN_STYLE = Automatic;
				PRODUCT_NAME = "$(TARGET_NAME)";
			};
			name = Debug;
		};
		7E23B8A622244A63009E2349 /* Release */ = {
			isa = XCBuildConfiguration;
			buildSettings = {
				CODE_SIGN_STYLE = Automatic;
				PRODUCT_NAME = "$(TARGET_NAME)";
			};
			name = Release;
		};
/* End XCBuildConfiguration section */

/* Begin XCConfigurationList section */
		7E23B89822244A63009E2349 /* Build configuration list for PBXProject "BachelorThesis" */ = {
			isa = XCConfigurationList;
			buildConfigurations = (
				7E23B8A222244A63009E2349 /* Debug */,
				7E23B8A322244A63009E2349 /* Release */,
			);
			defaultConfigurationIsVisible = 0;
			defaultConfigurationName = Release;
		};
		7E23B8A422244A63009E2349 /* Build configuration list for PBXNativeTarget "BachelorThesis" */ = {
			isa = XCConfigurationList;
			buildConfigurations = (
				7E23B8A522244A63009E2349 /* Debug */,
				7E23B8A622244A63009E2349 /* Release */,
			);
			defaultConfigurationIsVisible = 0;
			defaultConfigurationName = Release;
		};
/* End XCConfigurationList section */
	};
	rootObject = 7E23B89522244A63009E2349 /* Project object */;
}
